
Microsoft Visual Studio Solution File, Format Version 12.00
# Visual Studio Version 16
VisualStudioVersion = 16.0.29409.12
MinimumVisualStudioVersion = 10.0.40219.1
Project("{FAE04EC0-301F-11D3-BF4B-00C04F79EFBC}") = "AntiDe4dot", "AntiDe4dot\AntiDe4dot.csproj", "{EA95A859-E8CC-45E1-96AA-DA96C9B051D8}"
EndProject
Global
	GlobalSection(SolutionConfigurationPlatforms) = preSolution
		Debug|Any CPU = Debug|Any CPU
		Release|Any CPU = Release|Any CPU
	EndGlobalSection
	GlobalSection(ProjectConfigurationPlatforms) = postSolution
		{EA95A859-E8CC-45E1-96AA-DA96C9B051D8}.Debug|Any CPU.ActiveCfg = Debug|Any CPU
		{EA95A859-E8CC-45E1-96AA-DA96C9B051D8}.Debug|Any CPU.Build.0 = Debug|Any CPU
		{EA95A859-E8CC-45E1-96AA-DA96C9B051D8}.Release|Any CPU.ActiveCfg = Release|Any CPU
		{EA95A859-E8CC-45E1-96AA-DA96C9B051D8}.Release|Any CPU.Build.0 = Release|Any CPU
	EndGlobalSection
	GlobalSection(SolutionProperties) = preSolution
		HideSolutionNode = FALSE
	EndGlobalSection
	GlobalSection(ExtensibilityGlobals) = postSolution
		SolutionGuid = {A52C042C-5683-4B18-A9E1-2D00F9B18006}
	EndGlobalSection
EndGlobal
